# This file is automatically @generated by Cargo.
# It is not intended for manual editing.
[[package]]
name = "addr2line"
version = "0.14.0"
source = "registry+https://github.com/rust-lang/crates.io-index"
checksum = "7c0929d69e78dd9bf5408269919fcbcaeb2e35e5d43e5815517cdc6a8e11a423"
dependencies = [
 "gimli",
]

[[package]]
name = "adler"
version = "0.2.3"
source = "registry+https://github.com/rust-lang/crates.io-index"
checksum = "ee2a4ec343196209d6594e19543ae87a39f96d5534d7174822a3ad825dd6ed7e"

[[package]]
name = "ahash"
version = "0.3.8"
source = "registry+https://github.com/rust-lang/crates.io-index"
checksum = "e8fd72866655d1904d6b0997d0b07ba561047d070fbe29de039031c641b61217"
dependencies = [
 "const-random",
]

[[package]]
name = "ahash"
version = "0.4.4"
source = "registry+https://github.com/rust-lang/crates.io-index"
checksum = "6d66721683190aeea775c737eee925aea24719058d86d815e8ee121dd9f37d19"
dependencies = [
 "const-random",
]

[[package]]
name = "ansi_term"
version = "0.11.0"
source = "registry+https://github.com/rust-lang/crates.io-index"
checksum = "ee49baf6cb617b853aa8d93bf420db2383fab46d314482ca2803b40d5fde979b"
dependencies = [
 "winapi",
]

[[package]]
name = "arc-swap"
version = "0.4.7"
source = "registry+https://github.com/rust-lang/crates.io-index"
checksum = "4d25d88fd6b8041580a654f9d0c581a047baee2b3efee13275f2fc392fc75034"

[[package]]
name = "array-macro"
version = "1.0.5"
source = "registry+https://github.com/rust-lang/crates.io-index"
checksum = "06e97b4e522f9e55523001238ac59d13a8603af57f69980de5d8de4bbbe8ada6"

[[package]]
name = "atty"
version = "0.2.13"
source = "registry+https://github.com/rust-lang/crates.io-index"
checksum = "1803c647a3ec87095e7ae7acfca019e98de5ec9a7d01343f611cf3152ed71a90"
dependencies = [
 "libc",
 "winapi",
]

[[package]]
name = "autocfg"
version = "1.0.1"
source = "registry+https://github.com/rust-lang/crates.io-index"
checksum = "cdb031dd78e28731d87d56cc8ffef4a8f36ca26c38fe2de700543e627f8a464a"

[[package]]
name = "backtrace"
version = "0.3.55"
source = "registry+https://github.com/rust-lang/crates.io-index"
checksum = "ef5140344c85b01f9bbb4d4b7288a8aa4b3287ccef913a14bcc78a1063623598"
dependencies = [
 "addr2line",
 "cfg-if 1.0.0",
 "libc",
 "miniz_oxide",
 "object",
 "rustc-demangle",
]

[[package]]
name = "bitflags"
version = "1.2.1"
source = "registry+https://github.com/rust-lang/crates.io-index"
checksum = "cf1de2fe8c75bc145a2f577add951f8134889b4795d47466a54a5c846d691693"

[[package]]
name = "cfg-if"
version = "0.1.10"
source = "registry+https://github.com/rust-lang/crates.io-index"
checksum = "4785bdd1c96b2a846b2bd7cc02e86b6b3dbf14e7e53446c4f54c92a361040822"

[[package]]
name = "cfg-if"
version = "1.0.0"
source = "registry+https://github.com/rust-lang/crates.io-index"
checksum = "baf1de4339761588bc0619e3cbc0120ee582ebb74b53b4efbf79117bd2da40fd"

[[package]]
name = "chrono"
version = "0.4.15"
source = "registry+https://github.com/rust-lang/crates.io-index"
checksum = "942f72db697d8767c22d46a598e01f2d3b475501ea43d0db4f16d90259182d0b"
dependencies = [
 "num-integer",
 "num-traits",
 "time",
]

[[package]]
name = "clap"
version = "2.33.0"
source = "registry+https://github.com/rust-lang/crates.io-index"
checksum = "5067f5bb2d80ef5d68b4c87db81601f0b75bca627bc2ef76b141d7b846a3c6d9"
dependencies = [
 "ansi_term",
 "atty",
 "bitflags",
 "strsim 0.8.0",
 "textwrap",
 "unicode-width",
 "vec_map",
]

[[package]]
name = "cloudabi"
version = "0.0.3"
source = "registry+https://github.com/rust-lang/crates.io-index"
checksum = "ddfc5b9aa5d4507acaf872de71051dfd0e309860e88966e1051e462a077aac4f"
dependencies = [
 "bitflags",
]

[[package]]
name = "const-random"
version = "0.1.8"
source = "registry+https://github.com/rust-lang/crates.io-index"
checksum = "2f1af9ac737b2dd2d577701e59fd09ba34822f6f2ebdb30a7647405d9e55e16a"
dependencies = [
 "const-random-macro",
 "proc-macro-hack",
]

[[package]]
name = "const-random-macro"
version = "0.1.8"
source = "registry+https://github.com/rust-lang/crates.io-index"
checksum = "25e4c606eb459dd29f7c57b2e0879f2b6f14ee130918c2b78ccb58a9624e6c7a"
dependencies = [
 "getrandom",
 "proc-macro-hack",
]

[[package]]
name = "const_fn"
version = "0.4.2"
source = "registry+https://github.com/rust-lang/crates.io-index"
checksum = "ce90df4c658c62f12d78f7508cf92f9173e5184a539c10bfe54a3107b3ffd0f2"

[[package]]
name = "crossbeam"
version = "0.7.3"
source = "registry+https://github.com/rust-lang/crates.io-index"
checksum = "69323bff1fb41c635347b8ead484a5ca6c3f11914d784170b158d8449ab07f8e"
dependencies = [
 "cfg-if 0.1.10",
 "crossbeam-channel 0.4.3",
 "crossbeam-deque 0.7.3",
 "crossbeam-epoch 0.8.2",
 "crossbeam-queue",
 "crossbeam-utils 0.7.2",
]

[[package]]
name = "crossbeam-channel"
version = "0.4.3"
source = "registry+https://github.com/rust-lang/crates.io-index"
checksum = "09ee0cc8804d5393478d743b035099520087a5186f3b93fa58cec08fa62407b6"
dependencies = [
 "cfg-if 0.1.10",
 "crossbeam-utils 0.7.2",
]

[[package]]
name = "crossbeam-channel"
version = "0.5.0"
source = "registry+https://github.com/rust-lang/crates.io-index"
checksum = "dca26ee1f8d361640700bde38b2c37d8c22b3ce2d360e1fc1c74ea4b0aa7d775"
dependencies = [
 "cfg-if 1.0.0",
 "crossbeam-utils 0.8.0",
]

[[package]]
name = "crossbeam-deque"
version = "0.7.3"
source = "registry+https://github.com/rust-lang/crates.io-index"
checksum = "9f02af974daeee82218205558e51ec8768b48cf524bd01d550abe5573a608285"
dependencies = [
 "crossbeam-epoch 0.8.2",
 "crossbeam-utils 0.7.2",
 "maybe-uninit",
]

[[package]]
name = "crossbeam-deque"
version = "0.8.0"
source = "registry+https://github.com/rust-lang/crates.io-index"
checksum = "94af6efb46fef72616855b036a624cf27ba656ffc9be1b9a3c931cfc7749a9a9"
dependencies = [
 "cfg-if 1.0.0",
 "crossbeam-epoch 0.9.0",
 "crossbeam-utils 0.8.0",
]

[[package]]
name = "crossbeam-epoch"
version = "0.8.2"
source = "registry+https://github.com/rust-lang/crates.io-index"
checksum = "058ed274caafc1f60c4997b5fc07bf7dc7cca454af7c6e81edffe5f33f70dace"
dependencies = [
 "autocfg",
 "cfg-if 0.1.10",
 "crossbeam-utils 0.7.2",
 "lazy_static",
 "maybe-uninit",
 "memoffset",
 "scopeguard",
]

[[package]]
name = "crossbeam-epoch"
version = "0.9.0"
source = "registry+https://github.com/rust-lang/crates.io-index"
checksum = "ec0f606a85340376eef0d6d8fec399e6d4a544d648386c6645eb6d0653b27d9f"
dependencies = [
 "cfg-if 1.0.0",
 "const_fn",
 "crossbeam-utils 0.8.0",
 "lazy_static",
 "memoffset",
 "scopeguard",
]

[[package]]
name = "crossbeam-queue"
version = "0.2.3"
source = "registry+https://github.com/rust-lang/crates.io-index"
checksum = "774ba60a54c213d409d5353bda12d49cd68d14e45036a285234c8d6f91f92570"
dependencies = [
 "cfg-if 0.1.10",
 "crossbeam-utils 0.7.2",
 "maybe-uninit",
]

[[package]]
name = "crossbeam-utils"
version = "0.7.2"
source = "registry+https://github.com/rust-lang/crates.io-index"
checksum = "c3c7c73a2d1e9fc0886a08b93e98eb643461230d5f1925e4036204d5f2e261a8"
dependencies = [
 "autocfg",
 "cfg-if 0.1.10",
 "lazy_static",
]

[[package]]
name = "crossbeam-utils"
version = "0.8.0"
source = "registry+https://github.com/rust-lang/crates.io-index"
checksum = "ec91540d98355f690a86367e566ecad2e9e579f230230eb7c21398372be73ea5"
dependencies = [
 "autocfg",
 "cfg-if 1.0.0",
 "const_fn",
 "lazy_static",
]

[[package]]
name = "crossterm"
version = "0.17.7"
source = "registry+https://github.com/rust-lang/crates.io-index"
checksum = "6f4919d60f26ae233e14233cc39746c8c8bb8cd7b05840ace83604917b51b6c7"
dependencies = [
 "bitflags",
 "crossterm_winapi",
 "lazy_static",
 "libc",
 "mio",
 "parking_lot",
 "signal-hook",
 "winapi",
]

[[package]]
name = "crossterm_winapi"
version = "0.6.1"
source = "registry+https://github.com/rust-lang/crates.io-index"
checksum = "057b7146d02fb50175fd7dbe5158f6097f33d02831f43b4ee8ae4ddf67b68f5c"
dependencies = [
 "winapi",
]

[[package]]
name = "cursive"
version = "0.15.0"
source = "registry+https://github.com/rust-lang/crates.io-index"
checksum = "7a9f12332ab2bca26979ef00cfef9a1c2e287db03b787a83d892ad9961f81374"
dependencies = [
 "ahash 0.3.8",
 "cfg-if 0.1.10",
 "crossbeam-channel 0.4.3",
 "crossterm",
 "cursive_core",
 "enumset",
 "lazy_static",
 "libc",
 "log",
 "signal-hook",
 "unicode-segmentation",
 "unicode-width",
]

[[package]]
name = "cursive-tabs"
version = "0.5.0"
source = "registry+https://github.com/rust-lang/crates.io-index"
checksum = "54395f99e84d46b2d66db5fb763d2e86635e58223a4cf8d1592eb6ad516a37e4"
dependencies = [
 "crossbeam",
 "cursive_core",
 "log",
 "num 0.2.1",
]

[[package]]
name = "cursive_core"
version = "0.1.1"
source = "registry+https://github.com/rust-lang/crates.io-index"
checksum = "85fc5b6a8ba2f1bc743892068bde466438f78d6247197e2dc094bfd53fdea4b7"
dependencies = [
 "ahash 0.4.4",
 "chrono",
 "crossbeam-channel 0.4.3",
 "enum-map",
 "enumset",
 "lazy_static",
 "libc",
 "log",
 "num 0.3.0",
 "owning_ref",
 "signal-hook",
 "unicode-segmentation",
 "unicode-width",
 "xi-unicode",
]

[[package]]
name = "darling"
version = "0.10.2"
source = "registry+https://github.com/rust-lang/crates.io-index"
checksum = "0d706e75d87e35569db781a9b5e2416cff1236a47ed380831f959382ccd5f858"
dependencies = [
 "darling_core",
 "darling_macro",
]

[[package]]
name = "darling_core"
version = "0.10.2"
source = "registry+https://github.com/rust-lang/crates.io-index"
checksum = "f0c960ae2da4de88a91b2d920c2a7233b400bc33cb28453a2987822d8392519b"
dependencies = [
 "fnv",
 "ident_case",
 "proc-macro2 1.0.19",
 "quote 1.0.7",
 "strsim 0.9.3",
 "syn 1.0.39",
]

[[package]]
name = "darling_macro"
version = "0.10.2"
source = "registry+https://github.com/rust-lang/crates.io-index"
checksum = "d9b5a2f4ac4969822c62224815d069952656cadc7084fdca9751e6d959189b72"
dependencies = [
 "darling_core",
 "quote 1.0.7",
 "syn 1.0.39",
]

[[package]]
name = "either"
version = "1.6.1"
source = "registry+https://github.com/rust-lang/crates.io-index"
checksum = "e78d4f1cc4ae33bbfc157ed5d5a5ef3bc29227303d595861deb238fcec4e9457"

[[package]]
name = "enum-map"
version = "0.6.2"
source = "registry+https://github.com/rust-lang/crates.io-index"
checksum = "70a375f899a53b9848ad9fb459b5bf90e4851ae5d9fea89134b062dc1828b26e"
dependencies = [
 "array-macro",
 "enum-map-derive",
]

[[package]]
name = "enum-map-derive"
version = "0.4.3"
source = "registry+https://github.com/rust-lang/crates.io-index"
checksum = "e57001dfb2532f5a103ff869656887fae9a8defa7d236f3e39d2ee86ed629ad7"
dependencies = [
 "proc-macro2 1.0.19",
 "quote 1.0.7",
 "syn 1.0.39",
]

[[package]]
name = "enumset"
version = "1.0.1"
source = "registry+https://github.com/rust-lang/crates.io-index"
checksum = "959a80a2062fedd66ed41d99736212de987b3a8c83a4c2cef243968075256bd1"
dependencies = [
 "enumset_derive",
 "num-traits",
]

[[package]]
name = "enumset_derive"
version = "0.5.0"
source = "registry+https://github.com/rust-lang/crates.io-index"
checksum = "74bef436ac71820c5cf768d7af9ba33121246b09a00e09a55d94ef8095a875ac"
dependencies = [
 "darling",
 "proc-macro2 1.0.19",
 "quote 1.0.7",
 "syn 1.0.39",
]

[[package]]
name = "fnv"
version = "1.0.7"
source = "registry+https://github.com/rust-lang/crates.io-index"
checksum = "3f9eec918d3f24069decb9af1554cad7c880e2da24a9afd88aca000531ab82c1"

[[package]]
name = "getrandom"
version = "0.1.14"
source = "registry+https://github.com/rust-lang/crates.io-index"
checksum = "7abc8dd8451921606d809ba32e95b6111925cd2906060d2dcc29c070220503eb"
dependencies = [
 "cfg-if 0.1.10",
 "libc",
 "wasi 0.9.0+wasi-snapshot-preview1",
]

[[package]]
name = "gimli"
version = "0.23.0"
source = "registry+https://github.com/rust-lang/crates.io-index"
checksum = "f6503fe142514ca4799d4c26297c4248239fe8838d827db6bd6065c6ed29a6ce"

[[package]]
name = "hermit-abi"
version = "0.1.17"
source = "registry+https://github.com/rust-lang/crates.io-index"
checksum = "5aca5565f760fb5b220e499d72710ed156fdb74e631659e99377d9ebfbd13ae8"
dependencies = [
 "libc",
]

[[package]]
name = "ident_case"
version = "1.0.1"
source = "registry+https://github.com/rust-lang/crates.io-index"
checksum = "b9e0384b61958566e926dc50660321d12159025e767c18e043daf26b70104c39"

[[package]]
name = "itoa"
version = "0.4.4"
source = "registry+https://github.com/rust-lang/crates.io-index"
checksum = "501266b7edd0174f8530248f87f99c88fbe60ca4ef3dd486835b8d8d53136f7f"

[[package]]
name = "lazy_static"
version = "1.4.0"
source = "registry+https://github.com/rust-lang/crates.io-index"
checksum = "e2abad23fbc42b3700f2f279844dc832adb2b2eb069b2df918f455c4e18cc646"

[[package]]
name = "libc"
version = "0.2.76"
source = "registry+https://github.com/rust-lang/crates.io-index"
checksum = "755456fae044e6fa1ebbbd1b3e902ae19e73097ed4ed87bb79934a867c007bc3"

[[package]]
name = "lock_api"
version = "0.3.4"
source = "registry+https://github.com/rust-lang/crates.io-index"
checksum = "c4da24a77a3d8a6d4862d95f72e6fdb9c09a643ecdb402d754004a557f2bec75"
dependencies = [
 "scopeguard",
]

[[package]]
name = "log"
version = "0.4.11"
source = "registry+https://github.com/rust-lang/crates.io-index"
checksum = "4fabed175da42fed1fa0746b0ea71f412aa9d35e76e95e59b192c64b9dc2bf8b"
dependencies = [
 "cfg-if 0.1.10",
]

[[package]]
name = "maybe-uninit"
version = "2.0.0"
source = "registry+https://github.com/rust-lang/crates.io-index"
checksum = "60302e4db3a61da70c0cb7991976248362f30319e88850c487b9b95bbf059e00"

[[package]]
name = "memoffset"
version = "0.5.6"
source = "registry+https://github.com/rust-lang/crates.io-index"
checksum = "043175f069eda7b85febe4a74abbaeff828d9f8b448515d3151a14a3542811aa"
dependencies = [
 "autocfg",
]

[[package]]
name = "miniz_oxide"
version = "0.4.3"
source = "registry+https://github.com/rust-lang/crates.io-index"
checksum = "0f2d26ec3309788e423cfbf68ad1800f061638098d76a83681af979dc4eda19d"
dependencies = [
 "adler",
 "autocfg",
]

[[package]]
name = "mio"
version = "0.7.0"
source = "registry+https://github.com/rust-lang/crates.io-index"
checksum = "6e9971bc8349a361217a8f2a41f5d011274686bd4436465ba51730921039d7fb"
dependencies = [
 "lazy_static",
 "libc",
 "log",
 "miow",
 "ntapi",
 "winapi",
]

[[package]]
name = "miow"
version = "0.3.5"
source = "registry+https://github.com/rust-lang/crates.io-index"
checksum = "07b88fb9795d4d36d62a012dfbf49a8f5cf12751f36d31a9dbe66d528e58979e"
dependencies = [
 "socket2",
 "winapi",
]

[[package]]
name = "ntapi"
version = "0.3.4"
source = "registry+https://github.com/rust-lang/crates.io-index"
checksum = "7a31937dea023539c72ddae0e3571deadc1414b300483fa7aaec176168cfa9d2"
dependencies = [
 "winapi",
]

[[package]]
name = "num"
version = "0.2.1"
source = "registry+https://github.com/rust-lang/crates.io-index"
checksum = "b8536030f9fea7127f841b45bb6243b27255787fb4eb83958aa1ef9d2fdc0c36"
dependencies = [
 "num-bigint",
 "num-complex 0.2.4",
 "num-integer",
 "num-iter",
 "num-rational 0.2.4",
 "num-traits",
]

[[package]]
name = "num"
version = "0.3.0"
source = "registry+https://github.com/rust-lang/crates.io-index"
checksum = "ab3e176191bc4faad357e3122c4747aa098ac880e88b168f106386128736cf4a"
dependencies = [
 "num-complex 0.3.0",
 "num-integer",
 "num-iter",
 "num-rational 0.3.0",
 "num-traits",
]

[[package]]
name = "num-bigint"
version = "0.2.6"
source = "registry+https://github.com/rust-lang/crates.io-index"
checksum = "090c7f9998ee0ff65aa5b723e4009f7b217707f1fb5ea551329cc4d6231fb304"
dependencies = [
 "autocfg",
 "num-integer",
 "num-traits",
]

[[package]]
name = "num-complex"
version = "0.2.4"
source = "registry+https://github.com/rust-lang/crates.io-index"
checksum = "b6b19411a9719e753aff12e5187b74d60d3dc449ec3f4dc21e3989c3f554bc95"
dependencies = [
 "autocfg",
 "num-traits",
]

[[package]]
name = "num-complex"
version = "0.3.0"
source = "registry+https://github.com/rust-lang/crates.io-index"
checksum = "b05ad05bd8977050b171b3f6b48175fea6e0565b7981059b486075e1026a9fb5"
dependencies = [
 "num-traits",
]

[[package]]
name = "num-integer"
version = "0.1.43"
source = "registry+https://github.com/rust-lang/crates.io-index"
checksum = "8d59457e662d541ba17869cf51cf177c0b5f0cbf476c66bdc90bf1edac4f875b"
dependencies = [
 "autocfg",
 "num-traits",
]

[[package]]
name = "num-iter"
version = "0.1.41"
source = "registry+https://github.com/rust-lang/crates.io-index"
checksum = "7a6e6b7c748f995c4c29c5f5ae0248536e04a5739927c74ec0fa564805094b9f"
dependencies = [
 "autocfg",
 "num-integer",
 "num-traits",
]

[[package]]
name = "num-rational"
version = "0.2.4"
source = "registry+https://github.com/rust-lang/crates.io-index"
checksum = "5c000134b5dbf44adc5cb772486d335293351644b801551abe8f75c84cfa4aef"
dependencies = [
 "autocfg",
 "num-bigint",
 "num-integer",
 "num-traits",
]

[[package]]
name = "num-rational"
version = "0.3.0"
source = "registry+https://github.com/rust-lang/crates.io-index"
checksum = "a5b4d7360f362cfb50dde8143501e6940b22f644be75a4cc90b2d81968908138"
dependencies = [
 "autocfg",
 "num-integer",
 "num-traits",
]

[[package]]
name = "num-traits"
version = "0.2.12"
source = "registry+https://github.com/rust-lang/crates.io-index"
checksum = "ac267bcc07f48ee5f8935ab0d24f316fb722d7a1292e2913f0cc196b29ffd611"
dependencies = [
 "autocfg",
]

[[package]]
name = "num_cpus"
version = "1.13.0"
source = "registry+https://github.com/rust-lang/crates.io-index"
checksum = "05499f3756671c15885fee9034446956fff3f243d6077b91e5767df161f766b3"
dependencies = [
 "hermit-abi",
 "libc",
]

[[package]]
name = "object"
version = "0.22.0"
source = "registry+https://github.com/rust-lang/crates.io-index"
checksum = "8d3b63360ec3cb337817c2dbd47ab4a0f170d285d8e5a2064600f3def1402397"

[[package]]
name = "owning_ref"
version = "0.4.1"
source = "registry+https://github.com/rust-lang/crates.io-index"
checksum = "6ff55baddef9e4ad00f88b6c743a2a8062d4c6ade126c2a528644b8e444d52ce"
dependencies = [
 "stable_deref_trait",
]

[[package]]
name = "parking_lot"
version = "0.10.2"
source = "registry+https://github.com/rust-lang/crates.io-index"
checksum = "d3a704eb390aafdc107b0e392f56a82b668e3a71366993b5340f5833fd62505e"
dependencies = [
 "lock_api",
 "parking_lot_core",
]

[[package]]
name = "parking_lot_core"
version = "0.7.2"
source = "registry+https://github.com/rust-lang/crates.io-index"
checksum = "d58c7c768d4ba344e3e8d72518ac13e259d7c7ade24167003b8488e10b6740a3"
dependencies = [
 "cfg-if 0.1.10",
 "cloudabi",
 "libc",
 "redox_syscall",
 "smallvec",
 "winapi",
]

[[package]]
name = "proc-macro-hack"
version = "0.5.18"
source = "registry+https://github.com/rust-lang/crates.io-index"
checksum = "99c605b9a0adc77b7211c6b1f722dcb613d68d66859a44f3d485a6da332b0598"

[[package]]
name = "proc-macro2"
version = "0.4.30"
source = "registry+https://github.com/rust-lang/crates.io-index"
checksum = "cf3d2011ab5c909338f7887f4fc896d35932e29146c12c8d01da6b22a80ba759"
dependencies = [
 "unicode-xid 0.1.0",
]

[[package]]
name = "proc-macro2"
version = "1.0.19"
source = "registry+https://github.com/rust-lang/crates.io-index"
checksum = "04f5f085b5d71e2188cb8271e5da0161ad52c3f227a661a3c135fdf28e258b12"
dependencies = [
 "unicode-xid 0.2.1",
]

[[package]]
name = "quote"
version = "0.6.13"
source = "registry+https://github.com/rust-lang/crates.io-index"
checksum = "6ce23b6b870e8f94f81fb0a363d65d86675884b34a09043c81e5562f11c1f8e1"
dependencies = [
 "proc-macro2 0.4.30",
]

[[package]]
name = "quote"
version = "1.0.7"
source = "registry+https://github.com/rust-lang/crates.io-index"
checksum = "aa563d17ecb180e500da1cfd2b028310ac758de548efdd203e18f283af693f37"
dependencies = [
 "proc-macro2 1.0.19",
]

[[package]]
name = "rayon"
version = "1.5.0"
source = "registry+https://github.com/rust-lang/crates.io-index"
checksum = "8b0d8e0819fadc20c74ea8373106ead0600e3a67ef1fe8da56e39b9ae7275674"
dependencies = [
 "autocfg",
 "crossbeam-deque 0.8.0",
 "either",
 "rayon-core",
]

[[package]]
name = "rayon-core"
version = "1.9.0"
source = "registry+https://github.com/rust-lang/crates.io-index"
checksum = "9ab346ac5921dc62ffa9f89b7a773907511cdfa5490c572ae9be1be33e8afa4a"
dependencies = [
 "crossbeam-channel 0.5.0",
 "crossbeam-deque 0.8.0",
 "crossbeam-utils 0.8.0",
 "lazy_static",
 "num_cpus",
]

[[package]]
name = "redox_syscall"
version = "0.1.57"
source = "registry+https://github.com/rust-lang/crates.io-index"
checksum = "41cc0f7e4d5d4544e8861606a285bb08d3e70712ccc7d2b84d7c0ccfaf4b05ce"

[[package]]
name = "relative-path"
version = "1.3.2"
source = "registry+https://github.com/rust-lang/crates.io-index"
checksum = "65aff7c83039e88c1c0b4bedf8dfa93d6ec84d5fc2945b37c1fa4186f46c5f94"
dependencies = [
 "serde",
]

[[package]]
name = "retrogram"
version = "0.1.0"
dependencies = [
 "backtrace",
 "clap",
 "cursive",
 "cursive-tabs",
 "lazy_static",
 "num 0.2.1",
 "num-traits",
 "owning_ref",
 "rayon",
 "relative-path",
 "serde",
 "serde_json",
 "serde_plain",
]

[[package]]
name = "rustc-demangle"
version = "0.1.18"
source = "registry+https://github.com/rust-lang/crates.io-index"
checksum = "6e3bad0ee36814ca07d7968269dd4b7ec89ec2da10c4bb613928d3077083c232"

[[package]]
name = "ryu"
version = "1.0.0"
source = "registry+https://github.com/rust-lang/crates.io-index"
checksum = "c92464b447c0ee8c4fb3824ecc8383b81717b9f1e74ba2e72540aef7b9f82997"

[[package]]
name = "scopeguard"
version = "1.1.0"
source = "registry+https://github.com/rust-lang/crates.io-index"
checksum = "d29ab0c6d3fc0ee92fe66e2d99f700eab17a8d57d1c1d3b748380fb20baa78cd"

[[package]]
name = "serde"
version = "1.0.98"
source = "registry+https://github.com/rust-lang/crates.io-index"
checksum = "7fe5626ac617da2f2d9c48af5515a21d5a480dbd151e01bb1c355e26a3e68113"
dependencies = [
 "serde_derive",
]

[[package]]
name = "serde_derive"
version = "1.0.98"
source = "registry+https://github.com/rust-lang/crates.io-index"
checksum = "01e69e1b8a631f245467ee275b8c757b818653c6d704cdbcaeb56b56767b529c"
dependencies = [
 "proc-macro2 0.4.30",
 "quote 0.6.13",
 "syn 0.15.44",
]

[[package]]
name = "serde_json"
version = "1.0.40"
source = "registry+https://github.com/rust-lang/crates.io-index"
checksum = "051c49229f282f7c6f3813f8286cc1e3323e8051823fce42c7ea80fe13521704"
dependencies = [
 "itoa",
 "ryu",
 "serde",
]

[[package]]
name = "serde_plain"
version = "0.3.0"
source = "registry+https://github.com/rust-lang/crates.io-index"
checksum = "625fb0da2b006092b426a94acc1611bec52f2ec27bb27b266a9f93c29ee38eda"
dependencies = [
 "serde",
]

[[package]]
name = "signal-hook"
version = "0.1.16"
source = "registry+https://github.com/rust-lang/crates.io-index"
checksum = "604508c1418b99dfe1925ca9224829bb2a8a9a04dda655cc01fcad46f4ab05ed"
dependencies = [
 "libc",
 "mio",
 "signal-hook-registry",
]

[[package]]
name = "signal-hook-registry"
version = "1.2.1"
source = "registry+https://github.com/rust-lang/crates.io-index"
checksum = "a3e12110bc539e657a646068aaf5eb5b63af9d0c1f7b29c97113fad80e15f035"
dependencies = [
 "arc-swap",
 "libc",
]

[[package]]
name = "smallvec"
version = "1.4.2"
source = "registry+https://github.com/rust-lang/crates.io-index"
checksum = "fbee7696b84bbf3d89a1c2eccff0850e3047ed46bfcd2e92c29a2d074d57e252"

[[package]]
name = "socket2"
version = "0.3.12"
source = "registry+https://github.com/rust-lang/crates.io-index"
checksum = "03088793f677dce356f3ccc2edb1b314ad191ab702a5de3faf49304f7e104918"
dependencies = [
 "cfg-if 0.1.10",
 "libc",
 "redox_syscall",
 "winapi",
]

[[package]]
name = "stable_deref_trait"
version = "1.2.0"
source = "registry+https://github.com/rust-lang/crates.io-index"
checksum = "a8f112729512f8e442d81f95a8a7ddf2b7c6b8a1a6f509a95864142b30cab2d3"

[[package]]
name = "strsim"
version = "0.8.0"
source = "registry+https://github.com/rust-lang/crates.io-index"
checksum = "8ea5119cdb4c55b55d432abb513a0429384878c15dde60cc77b1c99de1a95a6a"

[[package]]
name = "strsim"
version = "0.9.3"
source = "registry+https://github.com/rust-lang/crates.io-index"
checksum = "6446ced80d6c486436db5c078dde11a9f73d42b57fb273121e160b84f63d894c"

[[package]]
name = "syn"
version = "0.15.44"
source = "registry+https://github.com/rust-lang/crates.io-index"
checksum = "9ca4b3b69a77cbe1ffc9e198781b7acb0c7365a883670e8f1c1bc66fba79a5c5"
dependencies = [
 "proc-macro2 0.4.30",
 "quote 0.6.13",
 "unicode-xid 0.1.0",
]

[[package]]
name = "syn"
version = "1.0.39"
source = "registry+https://github.com/rust-lang/crates.io-index"
checksum = "891d8d6567fe7c7f8835a3a98af4208f3846fba258c1bc3c31d6e506239f11f9"
dependencies = [
 "proc-macro2 1.0.19",
 "quote 1.0.7",
 "unicode-xid 0.2.1",
]

[[package]]
name = "textwrap"
version = "0.11.0"
source = "registry+https://github.com/rust-lang/crates.io-index"
checksum = "d326610f408c7a4eb6f51c37c330e496b08506c9457c9d34287ecc38809fb060"
dependencies = [
 "unicode-width",
]

[[package]]
name = "time"
version = "0.1.44"
source = "registry+https://github.com/rust-lang/crates.io-index"
checksum = "6db9e6914ab8b1ae1c260a4ae7a49b6c5611b40328a735b21862567685e73255"
dependencies = [
 "libc",
 "wasi 0.10.0+wasi-snapshot-preview1",
 "winapi",
]

[[package]]
name = "unicode-segmentation"
version = "1.6.0"
source = "registry+https://github.com/rust-lang/crates.io-index"
checksum = "e83e153d1053cbb5a118eeff7fd5be06ed99153f00dbcd8ae310c5fb2b22edc0"

[[package]]
name = "unicode-width"
version = "0.1.5"
source = "registry+https://github.com/rust-lang/crates.io-index"
checksum = "882386231c45df4700b275c7ff55b6f3698780a650026380e72dabe76fa46526"

[[package]]
name = "unicode-xid"
version = "0.1.0"
source = "registry+https://github.com/rust-lang/crates.io-index"
checksum = "fc72304796d0818e357ead4e000d19c9c174ab23dc11093ac919054d20a6a7fc"

[[package]]
name = "unicode-xid"
version = "0.2.1"
source = "registry+https://github.com/rust-lang/crates.io-index"
checksum = "f7fe0bb3479651439c9112f72b6c505038574c9fbb575ed1bf3b797fa39dd564"

[[package]]
name = "vec_map"
version = "0.8.1"
source = "registry+https://github.com/rust-lang/crates.io-index"
checksum = "05c78687fb1a80548ae3250346c3db86a80a7cdd77bda190189f2d0a0987c81a"

[[package]]
name = "wasi"
version = "0.9.0+wasi-snapshot-preview1"
source = "registry+https://github.com/rust-lang/crates.io-index"
checksum = "cccddf32554fecc6acb585f82a32a72e28b48f8c4c1883ddfeeeaa96f7d8e519"

[[package]]
name = "wasi"
version = "0.10.0+wasi-snapshot-preview1"
source = "registry+https://github.com/rust-lang/crates.io-index"
checksum = "1a143597ca7c7793eff794def352d41792a93c481eb1042423ff7ff72ba2c31f"

[[package]]
name = "winapi"
version = "0.3.9"
source = "registry+https://github.com/rust-lang/crates.io-index"
checksum = "5c839a674fcd7a98952e593242ea400abe93992746761e38641405d28b00f419"
dependencies = [
 "winapi-i686-pc-windows-gnu",
 "winapi-x86_64-pc-windows-gnu",
]

[[package]]
name = "winapi-i686-pc-windows-gnu"
version = "0.4.0"
source = "registry+https://github.com/rust-lang/crates.io-index"
checksum = "ac3b87c63620426dd9b991e5ce0329eff545bccbbb34f3be09ff6fb6ab51b7b6"

[[package]]
name = "winapi-x86_64-pc-windows-gnu"
version = "0.4.0"
source = "registry+https://github.com/rust-lang/crates.io-index"
checksum = "712e227841d057c1ee1cd2fb22fa7e5a5461ae8e48fa2ca79ec42cfc1931183f"

[[package]]
name = "xi-unicode"
version = "0.2.1"
source = "registry+https://github.com/rust-lang/crates.io-index"
checksum = "e71b85d8b1b8bfaf4b5c834187554d201a8cd621c2bbfa33efd41a3ecabd48b2"
